// !$*UTF8*$!
{
	archiveVersion = 1;
	classes = {
	};
	objectVersion = 56;
	objects = {

/* Begin PBXBuildFile section */
		33A406272E001566000F4368 /* AppDelegate.swift in Sources */ = {isa = PBXBuildFile; fileRef = 33A406262E001566000F4368 /* AppDelegate.swift */; };
		33A406292E001566000F4368 /* SceneDelegate.swift in Sources */ = {isa = PBXBuildFile; fileRef = 33A406282E001566000F4368 /* SceneDelegate.swift */; };
		33A4062B2E001566000F4368 /* AdvertisementViewController.swift in Sources */ = {isa = PBXBuildFile; fileRef = 33A4062A2E001566000F4368 /* AdvertisementViewController.swift */; };
		33A406302E001568000F4368 /* Assets.xcassets in Resources */ = {isa = PBXBuildFile; fileRef = 33A4062F2E001568000F4368 /* Assets.xcassets */; };
		33A406332E001568000F4368 /* Base in Resources */ = {isa = PBXBuildFile; fileRef = 33A406322E001568000F4368 /* Base */; };
		33A4063E2E001842000F4368 /* AdvertisementModel.swift in Sources */ = {isa = PBXBuildFile; fileRef = 33A4063D2E001842000F4368 /* AdvertisementModel.swift */; };
		33A406402E001A28000F4368 /* DetailsModel.swift in Sources */ = {isa = PBXBuildFile; fileRef = 33A4063F2E001A28000F4368 /* DetailsModel.swift */; };
		33A406442E001E4A000F4368 /* AdvertisementCell.swift in Sources */ = {isa = PBXBuildFile; fileRef = 33A406432E001E4A000F4368 /* AdvertisementCell.swift */; };
		33A406462E0028A0000F4368 /* AdvertisementsViewModel.swift in Sources */ = {isa = PBXBuildFile; fileRef = 33A406452E0028A0000F4368 /* AdvertisementsViewModel.swift */; };
/* End PBXBuildFile section */

/* Begin PBXFileReference section */
		33A406232E001565000F4368 /* iOS-assignment.app */ = {isa = PBXFileReference; explicitFileType = wrapper.application; includeInIndex = 0; path = "iOS-assignment.app"; sourceTree = BUILT_PRODUCTS_DIR; };
		33A406262E001566000F4368 /* AppDelegate.swift */ = {isa = PBXFileReference; lastKnownFileType = sourcecode.swift; path = AppDelegate.swift; sourceTree = "<group>"; };
		33A406282E001566000F4368 /* SceneDelegate.swift */ = {isa = PBXFileReference; lastKnownFileType = sourcecode.swift; path = SceneDelegate.swift; sourceTree = "<group>"; };
		33A4062A2E001566000F4368 /* AdvertisementViewController.swift */ = {isa = PBXFileReference; lastKnownFileType = sourcecode.swift; path = AdvertisementViewController.swift; sourceTree = "<group>"; };
		33A4062F2E001568000F4368 /* Assets.xcassets */ = {isa = PBXFileReference; lastKnownFileType = folder.assetcatalog; path = Assets.xcassets; sourceTree = "<group>"; };
		33A406322E001568000F4368 /* Base */ = {isa = PBXFileReference; lastKnownFileType = file.storyboard; name = Base; path = Base.lproj/LaunchScreen.storyboard; sourceTree = "<group>"; };
		33A406342E001568000F4368 /* Info.plist */ = {isa = PBXFileReference; lastKnownFileType = text.plist.xml; path = Info.plist; sourceTree = "<group>"; };
		33A4063D2E001842000F4368 /* AdvertisementModel.swift */ = {isa = PBXFileReference; lastKnownFileType = sourcecode.swift; path = AdvertisementModel.swift; sourceTree = "<group>"; };
		33A4063F2E001A28000F4368 /* DetailsModel.swift */ = {isa = PBXFileReference; lastKnownFileType = sourcecode.swift; path = DetailsModel.swift; sourceTree = "<group>"; };
		33A406432E001E4A000F4368 /* AdvertisementCell.swift */ = {isa = PBXFileReference; lastKnownFileType = sourcecode.swift; path = AdvertisementCell.swift; sourceTree = "<group>"; };
		33A406452E0028A0000F4368 /* AdvertisementsViewModel.swift */ = {isa = PBXFileReference; lastKnownFileType = sourcecode.swift; path = AdvertisementsViewModel.swift; sourceTree = "<group>"; };
/* End PBXFileReference section */

/* Begin PBXFrameworksBuildPhase section */
		33A406202E001565000F4368 /* Frameworks */ = {
			isa = PBXFrameworksBuildPhase;
			buildActionMask = 2147483647;
			files = (
			);
			runOnlyForDeploymentPostprocessing = 0;
		};
/* End PBXFrameworksBuildPhase section */

/* Begin PBXGroup section */
		33A4061A2E001565000F4368 = {
			isa = PBXGroup;
			children = (
				33A406252E001565000F4368 /* iOS-assignment */,
				33A406242E001565000F4368 /* Products */,
			);
			sourceTree = "<group>";
		};
		33A406242E001565000F4368 /* Products */ = {
			isa = PBXGroup;
			children = (
				33A406232E001565000F4368 /* iOS-assignment.app */,
			);
			name = Products;
			sourceTree = "<group>";
		};
		33A406252E001565000F4368 /* iOS-assignment */ = {
			isa = PBXGroup;
			children = (
				33A406422E001B43000F4368 /* Advertisements */,
				33A406412E001B39000F4368 /* Details */,
				33A4063B2E0016EA000F4368 /* Resources */,
				33A4063A2E00163D000F4368 /* Application */,
				33A4062A2E001566000F4368 /* AdvertisementViewController.swift */,
				33A406432E001E4A000F4368 /* AdvertisementCell.swift */,
				33A406452E0028A0000F4368 /* AdvertisementsViewModel.swift */,
			);
			path = "iOS-assignment";
			sourceTree = "<group>";
		};
		33A4063A2E00163D000F4368 /* Application */ = {
			isa = PBXGroup;
			children = (
				33A406342E001568000F4368 /* Info.plist */,
				33A406262E001566000F4368 /* AppDelegate.swift */,
				33A406282E001566000F4368 /* SceneDelegate.swift */,
			);
			path = Application;
			sourceTree = "<group>";
		};
		33A4063B2E0016EA000F4368 /* Resources */ = {
			isa = PBXGroup;
			children = (
				33A406312E001568000F4368 /* LaunchScreen.storyboard */,
				33A4062F2E001568000F4368 /* Assets.xcassets */,
			);
			path = Resources;
			sourceTree = "<group>";
		};
		33A406412E001B39000F4368 /* Details */ = {
			isa = PBXGroup;
			children = (
				33A4063F2E001A28000F4368 /* DetailsModel.swift */,
			);
			path = Details;
			sourceTree = "<group>";
		};
		33A406422E001B43000F4368 /* Advertisements */ = {
			isa = PBXGroup;
			children = (
				33A4063D2E001842000F4368 /* AdvertisementModel.swift */,
			);
			path = Advertisements;
			sourceTree = "<group>";
		};
/* End PBXGroup section */

/* Begin PBXNativeTarget section */
		33A406222E001565000F4368 /* iOS-assignment */ = {
			isa = PBXNativeTarget;
			buildConfigurationList = 33A406372E001568000F4368 /* Build configuration list for PBXNativeTarget "iOS-assignment" */;
			buildPhases = (
				33A4061F2E001565000F4368 /* Sources */,
				33A406202E001565000F4368 /* Frameworks */,
				33A406212E001565000F4368 /* Resources */,
			);
			buildRules = (
			);
			dependencies = (
			);
			name = "iOS-assignment";
			productName = "iOS-assignment";
			productReference = 33A406232E001565000F4368 /* iOS-assignment.app */;
			productType = "com.apple.product-type.application";
		};
/* End PBXNativeTarget section */

/* Begin PBXProject section */
		33A4061B2E001565000F4368 /* Project object */ = {
			isa = PBXProject;
			attributes = {
				BuildIndependentTargetsInParallel = 1;
				LastSwiftUpdateCheck = 1540;
				LastUpgradeCheck = 1540;
				TargetAttributes = {
					33A406222E001565000F4368 = {
						CreatedOnToolsVersion = 15.4;
					};
				};
			};
			buildConfigurationList = 33A4061E2E001565000F4368 /* Build configuration list for PBXProject "iOS-assignment" */;
			compatibilityVersion = "Xcode 14.0";
			developmentRegion = en;
			hasScannedForEncodings = 0;
			knownRegions = (
				en,
				Base,
			);
			mainGroup = 33A4061A2E001565000F4368;
			productRefGroup = 33A406242E001565000F4368 /* Products */;
			projectDirPath = "";
			projectRoot = "";
			targets = (
				33A406222E001565000F4368 /* iOS-assignment */,
			);
		};
/* End PBXProject section */

/* Begin PBXResourcesBuildPhase section */
		33A406212E001565000F4368 /* Resources */ = {
			isa = PBXResourcesBuildPhase;
			buildActionMask = 2147483647;
			files = (
				33A406302E001568000F4368 /* Assets.xcassets in Resources */,
				33A406332E001568000F4368 /* Base in Resources */,
			);
			runOnlyForDeploymentPostprocessing = 0;
		};
/* End PBXResourcesBuildPhase section */

/* Begin PBXSourcesBuildPhase section */
		33A4061F2E001565000F4368 /* Sources */ = {
			isa = PBXSourcesBuildPhase;
			buildActionMask = 2147483647;
			files = (
				33A4062B2E001566000F4368 /* AdvertisementViewController.swift in Sources */,
				33A406272E001566000F4368 /* AppDelegate.swift in Sources */,
				33A406462E0028A0000F4368 /* AdvertisementsViewModel.swift in Sources */,
				33A406292E001566000F4368 /* SceneDelegate.swift in Sources */,
				33A406442E001E4A000F4368 /* AdvertisementCell.swift in Sources */,
				33A406402E001A28000F4368 /* DetailsModel.swift in Sources */,
				33A4063E2E001842000F4368 /* AdvertisementModel.swift in Sources */,
			);
			runOnlyForDeploymentPostprocessing = 0;
		};
/* End PBXSourcesBuildPhase section */

/* Begin PBXVariantGroup section */
		33A406312E001568000F4368 /* LaunchScreen.storyboard */ = {
			isa = PBXVariantGroup;
			children = (
				33A406322E001568000F4368 /* Base */,
			);
			name = LaunchScreen.storyboard;
			sourceTree = "<group>";
		};
/* End PBXVariantGroup section */

/* Begin XCBuildConfiguration section */
		33A406352E001568000F4368 /* Debug */ = {
			isa = XCBuildConfiguration;
			buildSettings = {
				ALWAYS_SEARCH_USER_PATHS = NO;
				ASSETCATALOG_COMPILER_GENERATE_SWIFT_ASSET_SYMBOL_EXTENSIONS = YES;
				CLANG_ANALYZER_NONNULL = YES;
				CLANG_ANALYZER_NUMBER_OBJECT_CONVERSION = YES_AGGRESSIVE;
				CLANG_CXX_LANGUAGE_STANDARD = "gnu++20";
				CLANG_ENABLE_MODULES = YES;
				CLANG_ENABLE_OBJC_ARC = YES;
				CLANG_ENABLE_OBJC_WEAK = YES;
				CLANG_WARN_BLOCK_CAPTURE_AUTORELEASING = YES;
				CLANG_WARN_BOOL_CONVERSION = YES;
				CLANG_WARN_COMMA = YES;
				CLANG_WARN_CONSTANT_CONVERSION = YES;
				CLANG_WARN_DEPRECATED_OBJC_IMPLEMENTATIONS = YES;
				CLANG_WARN_DIRECT_OBJC_ISA_USAGE = YES_ERROR;
				CLANG_WARN_DOCUMENTATION_COMMENTS = YES;
				CLANG_WARN_EMPTY_BODY = YES;
				CLANG_WARN_ENUM_CONVERSION = YES;
				CLANG_WARN_INFINITE_RECURSION = YES;
				CLANG_WARN_INT_CONVERSION = YES;
				CLANG_WARN_NON_LITERAL_NULL_CONVERSION = YES;
				CLANG_WARN_OBJC_IMPLICIT_RETAIN_SELF = YES;
				CLANG_WARN_OBJC_LITERAL_CONVERSION = YES;
				CLANG_WARN_OBJC_ROOT_CLASS = YES_ERROR;
				CLANG_WARN_QUOTED_INCLUDE_IN_FRAMEWORK_HEADER = YES;
				CLANG_WARN_RANGE_LOOP_ANALYSIS = YES;
				CLANG_WARN_STRICT_PROTOTYPES = YES;
				CLANG_WARN_SUSPICIOUS_MOVE = YES;
				CLANG_WARN_UNGUARDED_AVAILABILITY = YES_AGGRESSIVE;
				CLANG_WARN_UNREACHABLE_CODE = YES;
				CLANG_WARN__DUPLICATE_METHOD_MATCH = YES;
				COPY_PHASE_STRIP = NO;
				DEBUG_INFORMATION_FORMAT = dwarf;
				ENABLE_STRICT_OBJC_MSGSEND = YES;
				ENABLE_TESTABILITY = YES;
				ENABLE_USER_SCRIPT_SANDBOXING = YES;
				GCC_C_LANGUAGE_STANDARD = gnu17;
				GCC_DYNAMIC_NO_PIC = NO;
				GCC_NO_COMMON_BLOCKS = YES;
				GCC_OPTIMIZATION_LEVEL = 0;
				GCC_PREPROCESSOR_DEFINITIONS = (
					"DEBUG=1",
					"$(inherited)",
				);
				GCC_WARN_64_TO_32_BIT_CONVERSION = YES;
				GCC_WARN_ABOUT_RETURN_TYPE = YES_ERROR;
				GCC_WARN_UNDECLARED_SELECTOR = YES;
				GCC_WARN_UNINITIALIZED_AUTOS = YES_AGGRESSIVE;
				GCC_WARN_UNUSED_FUNCTION = YES;
				GCC_WARN_UNUSED_VARIABLE = YES;
				IPHONEOS_DEPLOYMENT_TARGET = 17.5;
				LOCALIZATION_PREFERS_STRING_CATALOGS = YES;
				MTL_ENABLE_DEBUG_INFO = INCLUDE_SOURCE;
				MTL_FAST_MATH = YES;
				ONLY_ACTIVE_ARCH = YES;
				SDKROOT = iphoneos;
				SWIFT_ACTIVE_COMPILATION_CONDITIONS = "DEBUG $(inherited)";
				SWIFT_OPTIMIZATION_LEVEL = "-Onone";
			};
			name = Debug;
		};
		33A406362E001568000F4368 /* Release */ = {
			isa = XCBuildConfiguration;
			buildSettings = {
				ALWAYS_SEARCH_USER_PATHS = NO;
				ASSETCATALOG_COMPILER_GENERATE_SWIFT_ASSET_SYMBOL_EXTENSIONS = YES;
				CLANG_ANALYZER_NONNULL = YES;
				CLANG_ANALYZER_NUMBER_OBJECT_CONVERSION = YES_AGGRESSIVE;
				CLANG_CXX_LANGUAGE_STANDARD = "gnu++20";
				CLANG_ENABLE_MODULES = YES;
				CLANG_ENABLE_OBJC_ARC = YES;
				CLANG_ENABLE_OBJC_WEAK = YES;
				CLANG_WARN_BLOCK_CAPTURE_AUTORELEASING = YES;
				CLANG_WARN_BOOL_CONVERSION = YES;
				CLANG_WARN_COMMA = YES;
				CLANG_WARN_CONSTANT_CONVERSION = YES;
				CLANG_WARN_DEPRECATED_OBJC_IMPLEMENTATIONS = YES;
				CLANG_WARN_DIRECT_OBJC_ISA_USAGE = YES_ERROR;
				CLANG_WARN_DOCUMENTATION_COMMENTS = YES;
				CLANG_WARN_EMPTY_BODY = YES;
				CLANG_WARN_ENUM_CONVERSION = YES;
				CLANG_WARN_INFINITE_RECURSION = YES;
				CLANG_WARN_INT_CONVERSION = YES;
				CLANG_WARN_NON_LITERAL_NULL_CONVERSION = YES;
				CLANG_WARN_OBJC_IMPLICIT_RETAIN_SELF = YES;
				CLANG_WARN_OBJC_LITERAL_CONVERSION = YES;
				CLANG_WARN_OBJC_ROOT_CLASS = YES_ERROR;
				CLANG_WARN_QUOTED_INCLUDE_IN_FRAMEWORK_HEADER = YES;
				CLANG_WARN_RANGE_LOOP_ANALYSIS = YES;
				CLANG_WARN_STRICT_PROTOTYPES = YES;
				CLANG_WARN_SUSPICIOUS_MOVE = YES;
				CLANG_WARN_UNGUARDED_AVAILABILITY = YES_AGGRESSIVE;
				CLANG_WARN_UNREACHABLE_CODE = YES;
				CLANG_WARN__DUPLICATE_METHOD_MATCH = YES;
				COPY_PHASE_STRIP = NO;
				DEBUG_INFORMATION_FORMAT = "dwarf-with-dsym";
				ENABLE_NS_ASSERTIONS = NO;
				ENABLE_STRICT_OBJC_MSGSEND = YES;
				ENABLE_USER_SCRIPT_SANDBOXING = YES;
				GCC_C_LANGUAGE_STANDARD = gnu17;
				GCC_NO_COMMON_BLOCKS = YES;
				GCC_WARN_64_TO_32_BIT_CONVERSION = YES;
				GCC_WARN_ABOUT_RETURN_TYPE = YES_ERROR;
				GCC_WARN_UNDECLARED_SELECTOR = YES;
				GCC_WARN_UNINITIALIZED_AUTOS = YES_AGGRESSIVE;
				GCC_WARN_UNUSED_FUNCTION = YES;
				GCC_WARN_UNUSED_VARIABLE = YES;
				IPHONEOS_DEPLOYMENT_TARGET = 17.5;
				LOCALIZATION_PREFERS_STRING_CATALOGS = YES;
				MTL_ENABLE_DEBUG_INFO = NO;
				MTL_FAST_MATH = YES;
				SDKROOT = iphoneos;
				SWIFT_COMPILATION_MODE = wholemodule;
				VALIDATE_PRODUCT = YES;
			};
			name = Release;
		};
		33A406382E001568000F4368 /* Debug */ = {
			isa = XCBuildConfiguration;
			buildSettings = {
				ASSETCATALOG_COMPILER_APPICON_NAME = AppIcon;
				ASSETCATALOG_COMPILER_GLOBAL_ACCENT_COLOR_NAME = AccentColor;
				CODE_SIGN_STYLE = Automatic;
				CURRENT_PROJECT_VERSION = 1;
				DEVELOPMENT_TEAM = 7KPN67S6V5;
				GENERATE_INFOPLIST_FILE = YES;
				INFOPLIST_FILE = "iOS-assignment/Application/Info.plist";
				INFOPLIST_KEY_UIApplicationSupportsIndirectInputEvents = YES;
				INFOPLIST_KEY_UILaunchStoryboardName = LaunchScreen;
				INFOPLIST_KEY_UIMainStoryboardFile = Main;
				INFOPLIST_KEY_UISupportedInterfaceOrientations_iPad = "UIInterfaceOrientationPortrait UIInterfaceOrientationPortraitUpsideDown UIInterfaceOrientationLandscapeLeft UIInterfaceOrientationLandscapeRight";
				INFOPLIST_KEY_UISupportedInterfaceOrientations_iPhone = "UIInterfaceOrientationPortrait UIInterfaceOrientationLandscapeLeft UIInterfaceOrientationLandscapeRight";
				LD_RUNPATH_SEARCH_PATHS = (
					"$(inherited)",
					"@executable_path/Frameworks",
				);
				MARKETING_VERSION = 1.0;
				PRODUCT_BUNDLE_IDENTIFIER = "galbacheva.iOS-assignment";
				PRODUCT_NAME = "$(TARGET_NAME)";
				SWIFT_EMIT_LOC_STRINGS = YES;
				SWIFT_VERSION = 5.0;
				TARGETED_DEVICE_FAMILY = "1,2";
			};
			name = Debug;
		};
		33A406392E001568000F4368 /* Release */ = {
			isa = XCBuildConfiguration;
			buildSettings = {
				ASSETCATALOG_COMPILER_APPICON_NAME = AppIcon;
				ASSETCATALOG_COMPILER_GLOBAL_ACCENT_COLOR_NAME = AccentColor;
				CODE_SIGN_STYLE = Automatic;
				CURRENT_PROJECT_VERSION = 1;
				DEVELOPMENT_TEAM = 7KPN67S6V5;
				GENERATE_INFOPLIST_FILE = YES;
				INFOPLIST_FILE = "iOS-assignment/Application/Info.plist";
				INFOPLIST_KEY_UIApplicationSupportsIndirectInputEvents = YES;
				INFOPLIST_KEY_UILaunchStoryboardName = LaunchScreen;
				INFOPLIST_KEY_UIMainStoryboardFile = Main;
				INFOPLIST_KEY_UISupportedInterfaceOrientations_iPad = "UIInterfaceOrientationPortrait UIInterfaceOrientationPortraitUpsideDown UIInterfaceOrientationLandscapeLeft UIInterfaceOrientationLandscapeRight";
				INFOPLIST_KEY_UISupportedInterfaceOrientations_iPhone = "UIInterfaceOrientationPortrait UIInterfaceOrientationLandscapeLeft UIInterfaceOrientationLandscapeRight";
				LD_RUNPATH_SEARCH_PATHS = (
					"$(inherited)",
					"@executable_path/Frameworks",
				);
				MARKETING_VERSION = 1.0;
				PRODUCT_BUNDLE_IDENTIFIER = "galbacheva.iOS-assignment";
				PRODUCT_NAME = "$(TARGET_NAME)";
				SWIFT_EMIT_LOC_STRINGS = YES;
				SWIFT_VERSION = 5.0;
				TARGETED_DEVICE_FAMILY = "1,2";
			};
			name = Release;
		};
/* End XCBuildConfiguration section */

/* Begin XCConfigurationList section */
		33A4061E2E001565000F4368 /* Build configuration list for PBXProject "iOS-assignment" */ = {
			isa = XCConfigurationList;
			buildConfigurations = (
				33A406352E001568000F4368 /* Debug */,
				33A406362E001568000F4368 /* Release */,
			);
			defaultConfigurationIsVisible = 0;
			defaultConfigurationName = Release;
		};
		33A406372E001568000F4368 /* Build configuration list for PBXNativeTarget "iOS-assignment" */ = {
			isa = XCConfigurationList;
			buildConfigurations = (
				33A406382E001568000F4368 /* Debug */,
				33A406392E001568000F4368 /* Release */,
			);
			defaultConfigurationIsVisible = 0;
			defaultConfigurationName = Release;
		};
/* End XCConfigurationList section */
	};
	rootObject = 33A4061B2E001565000F4368 /* Project object */;
}
